{
  "requires": true,
  "lockfileVersion": 1,
  "dependencies": {
    "bootstrap": {
      "version": "4.2.1",
      "resolved": "https://registry.npmjs.org/bootstrap/-/bootstrap-4.2.1.tgz",
      "integrity": "sha512-tt/7vIv3Gm2mnd/WeDx36nfGGHleil0Wg8IeB7eMrVkY0fZ5iTaBisSh8oNANc2IBsCc6vCgCNTIM/IEN0+50Q=="
    },
    "sweetalert2": {
      "version": "7.32.2",
      "resolved": "https://registry.npmjs.org/sweetalert2/-/sweetalert2-7.32.2.tgz",
      "integrity": "sha512-BDdr3UdMi2PVLwNTbg8gXFDW0+ZAvO4r5aWbburfBuQEsszIYVM6Oh/A9bGIKQQczurFXx/HVINESszcBzPA0Q=="
    }
  }
}
